
Microsoft Visual Studio Solution File, Format Version 12.00
# Visual Studio Version 16
VisualStudioVersion = 16.0.31129.286
MinimumVisualStudioVersion = 10.0.40219.1
Project("{FAE04EC0-301F-11D3-BF4B-00C04F79EFBC}") = "Needleman-Wunsch", "Needleman-Wunsch\Needleman-Wunsch.csproj", "{1B7A522D-9851-4E78-8A97-EBBAA288A64D}"
EndProject
Global
	GlobalSection(SolutionConfigurationPlatforms) = preSolution
		Debug|Any CPU = Debug|Any CPU
		Release|Any CPU = Release|Any CPU
	EndGlobalSection
	GlobalSection(ProjectConfigurationPlatforms) = postSolution
		{1B7A522D-9851-4E78-8A97-EBBAA288A64D}.Debug|Any CPU.ActiveCfg = Debug|Any CPU
		{1B7A522D-9851-4E78-8A97-EBBAA288A64D}.Debug|Any CPU.Build.0 = Debug|Any CPU
		{1B7A522D-9851-4E78-8A97-EBBAA288A64D}.Release|Any CPU.ActiveCfg = Release|Any CPU
		{1B7A522D-9851-4E78-8A97-EBBAA288A64D}.Release|Any CPU.Build.0 = Release|Any CPU
	EndGlobalSection
	GlobalSection(SolutionProperties) = preSolution
		HideSolutionNode = FALSE
	EndGlobalSection
	GlobalSection(ExtensibilityGlobals) = postSolution
		SolutionGuid = {87206D2F-A898-44BB-925F-F042EA3A1915}
	EndGlobalSection
EndGlobal
